
Microsoft Visual Studio Solution File, Format Version 12.00
# Visual Studio Version 16
VisualStudioVersion = 16.0.31624.102
MinimumVisualStudioVersion = 10.0.40219.1
Project("{FAE04EC0-301F-11D3-BF4B-00C04F79EFBC}") = "C500Pro", "C500Pro\C500Pro.csproj", "{8E5AB2B1-5467-4677-8C66-EDA17B6F2945}"
EndProject
Global
	GlobalSection(SolutionConfigurationPlatforms) = preSolution
		Debug|Any CPU = Debug|Any CPU
		Release|Any CPU = Release|Any CPU
	EndGlobalSection
	GlobalSection(ProjectConfigurationPlatforms) = postSolution
		{8E5AB2B1-5467-4677-8C66-EDA17B6F2945}.Debug|Any CPU.ActiveCfg = Debug|Any CPU
		{8E5AB2B1-5467-4677-8C66-EDA17B6F2945}.Debug|Any CPU.Build.0 = Debug|Any CPU
		{8E5AB2B1-5467-4677-8C66-EDA17B6F2945}.Release|Any CPU.ActiveCfg = Release|Any CPU
		{8E5AB2B1-5467-4677-8C66-EDA17B6F2945}.Release|Any CPU.Build.0 = Release|Any CPU
	EndGlobalSection
	GlobalSection(SolutionProperties) = preSolution
		HideSolutionNode = FALSE
	EndGlobalSection
	GlobalSection(ExtensibilityGlobals) = postSolution
		SolutionGuid = {A048CBA4-BA97-44B0-B601-15C8F1E0830D}
	EndGlobalSection
EndGlobal
